
Microsoft Visual Studio Solution File, Format Version 12.00
# Visual Studio 15
VisualStudioVersion = 15.0.28010.2046
MinimumVisualStudioVersion = 10.0.40219.1
Project("{FAE04EC0-301F-11D3-BF4B-00C04F79EFBC}") = "01.NumbersFrom1to100", "01.NumbersFrom1to100\01.NumbersFrom1to100.csproj", "{94A1CE03-1BBE-4A3C-9800-BD9E142BEF8D}"
EndProject
Project("{FAE04EC0-301F-11D3-BF4B-00C04F79EFBC}") = "02.LatinLetters", "02.LatinLetters\02.LatinLetters.csproj", "{0A7151BD-FCDC-4B36-A4BC-DA0BA61019F3}"
EndProject
Project("{FAE04EC0-301F-11D3-BF4B-00C04F79EFBC}") = "03.SumNumbers", "03.SumNumbers\03.SumNumbers.csproj", "{A5DB52B0-3BF5-44C7-AFDA-8C2D8F852EDB}"
EndProject
Project("{FAE04EC0-301F-11D3-BF4B-00C04F79EFBC}") = "04.MaxNumber", "04.MaxNumber\04.MaxNumber.csproj", "{A9772D70-7698-44A8-8264-7BA96F8ED465}"
EndProject
Project("{FAE04EC0-301F-11D3-BF4B-00C04F79EFBC}") = "05.MinNumber", "05.MinNumber\05.MinNumber.csproj", "{5AF2B1C1-D98D-4539-95EF-1DC969770B1B}"
EndProject
Project("{FAE04EC0-301F-11D3-BF4B-00C04F79EFBC}") = "06.LeftAndRightSum", "06.LeftAndRightSum\06.LeftAndRightSum.csproj", "{3AFFD714-BB03-4817-A0D5-09471DE8472B}"
EndProject
Project("{FAE04EC0-301F-11D3-BF4B-00C04F79EFBC}") = "07.OddEvenSum", "07.OddEvenSum\07.OddEvenSum.csproj", "{2ABB85B9-6A26-4516-BB93-CE1548097D89}"
EndProject
Project("{FAE04EC0-301F-11D3-BF4B-00C04F79EFBC}") = "08.VowelsSum", "08.VowelsSum\08.VowelsSum.csproj", "{212235FD-16AF-4261-AE02-CB71039777EF}"
EndProject
Project("{FAE04EC0-301F-11D3-BF4B-00C04F79EFBC}") = "09.CleverLily", "09.CleverLily\09.CleverLily.csproj", "{31ED45B6-B8C2-4147-B134-B165D2D6E02E}"
EndProject
Global
	GlobalSection(SolutionConfigurationPlatforms) = preSolution
		Debug|Any CPU = Debug|Any CPU
		Release|Any CPU = Release|Any CPU
	EndGlobalSection
	GlobalSection(ProjectConfigurationPlatforms) = postSolution
		{94A1CE03-1BBE-4A3C-9800-BD9E142BEF8D}.Debug|Any CPU.ActiveCfg = Debug|Any CPU
		{94A1CE03-1BBE-4A3C-9800-BD9E142BEF8D}.Debug|Any CPU.Build.0 = Debug|Any CPU
		{94A1CE03-1BBE-4A3C-9800-BD9E142BEF8D}.Release|Any CPU.ActiveCfg = Release|Any CPU
		{94A1CE03-1BBE-4A3C-9800-BD9E142BEF8D}.Release|Any CPU.Build.0 = Release|Any CPU
		{0A7151BD-FCDC-4B36-A4BC-DA0BA61019F3}.Debug|Any CPU.ActiveCfg = Debug|Any CPU
		{0A7151BD-FCDC-4B36-A4BC-DA0BA61019F3}.Debug|Any CPU.Build.0 = Debug|Any CPU
		{0A7151BD-FCDC-4B36-A4BC-DA0BA61019F3}.Release|Any CPU.ActiveCfg = Release|Any CPU
		{0A7151BD-FCDC-4B36-A4BC-DA0BA61019F3}.Release|Any CPU.Build.0 = Release|Any CPU
		{A5DB52B0-3BF5-44C7-AFDA-8C2D8F852EDB}.Debug|Any CPU.ActiveCfg = Debug|Any CPU
		{A5DB52B0-3BF5-44C7-AFDA-8C2D8F852EDB}.Debug|Any CPU.Build.0 = Debug|Any CPU
		{A5DB52B0-3BF5-44C7-AFDA-8C2D8F852EDB}.Release|Any CPU.ActiveCfg = Release|Any CPU
		{A5DB52B0-3BF5-44C7-AFDA-8C2D8F852EDB}.Release|Any CPU.Build.0 = Release|Any CPU
		{A9772D70-7698-44A8-8264-7BA96F8ED465}.Debug|Any CPU.ActiveCfg = Debug|Any CPU
		{A9772D70-7698-44A8-8264-7BA96F8ED465}.Debug|Any CPU.Build.0 = Debug|Any CPU
		{A9772D70-7698-44A8-8264-7BA96F8ED465}.Release|Any CPU.ActiveCfg = Release|Any CPU
		{A9772D70-7698-44A8-8264-7BA96F8ED465}.Release|Any CPU.Build.0 = Release|Any CPU
		{5AF2B1C1-D98D-4539-95EF-1DC969770B1B}.Debug|Any CPU.ActiveCfg = Debug|Any CPU
		{5AF2B1C1-D98D-4539-95EF-1DC969770B1B}.Debug|Any CPU.Build.0 = Debug|Any CPU
		{5AF2B1C1-D98D-4539-95EF-1DC969770B1B}.Release|Any CPU.ActiveCfg = Release|Any CPU
		{5AF2B1C1-D98D-4539-95EF-1DC969770B1B}.Release|Any CPU.Build.0 = Release|Any CPU
		{3AFFD714-BB03-4817-A0D5-09471DE8472B}.Debug|Any CPU.ActiveCfg = Debug|Any CPU
		{3AFFD714-BB03-4817-A0D5-09471DE8472B}.Debug|Any CPU.Build.0 = Debug|Any CPU
		{3AFFD714-BB03-4817-A0D5-09471DE8472B}.Release|Any CPU.ActiveCfg = Release|Any CPU
		{3AFFD714-BB03-4817-A0D5-09471DE8472B}.Release|Any CPU.Build.0 = Release|Any CPU
		{2ABB85B9-6A26-4516-BB93-CE1548097D89}.Debug|Any CPU.ActiveCfg = Debug|Any CPU
		{2ABB85B9-6A26-4516-BB93-CE1548097D89}.Debug|Any CPU.Build.0 = Debug|Any CPU
		{2ABB85B9-6A26-4516-BB93-CE1548097D89}.Release|Any CPU.ActiveCfg = Release|Any CPU
		{2ABB85B9-6A26-4516-BB93-CE1548097D89}.Release|Any CPU.Build.0 = Release|Any CPU
		{212235FD-16AF-4261-AE02-CB71039777EF}.Debug|Any CPU.ActiveCfg = Debug|Any CPU
		{212235FD-16AF-4261-AE02-CB71039777EF}.Debug|Any CPU.Build.0 = Debug|Any CPU
		{212235FD-16AF-4261-AE02-CB71039777EF}.Release|Any CPU.ActiveCfg = Release|Any CPU
		{212235FD-16AF-4261-AE02-CB71039777EF}.Release|Any CPU.Build.0 = Release|Any CPU
		{31ED45B6-B8C2-4147-B134-B165D2D6E02E}.Debug|Any CPU.ActiveCfg = Debug|Any CPU
		{31ED45B6-B8C2-4147-B134-B165D2D6E02E}.Debug|Any CPU.Build.0 = Debug|Any CPU
		{31ED45B6-B8C2-4147-B134-B165D2D6E02E}.Release|Any CPU.ActiveCfg = Release|Any CPU
		{31ED45B6-B8C2-4147-B134-B165D2D6E02E}.Release|Any CPU.Build.0 = Release|Any CPU
	EndGlobalSection
	GlobalSection(SolutionProperties) = preSolution
		HideSolutionNode = FALSE
	EndGlobalSection
	GlobalSection(ExtensibilityGlobals) = postSolution
		SolutionGuid = {D4C39987-1FDE-413C-AF79-11BBD3DD5829}
	EndGlobalSection
EndGlobal
